{
  "name": "campet",
  "version": "1.0.0",
  "lockfileVersion": 2,
  "requires": true,
  "packages": {
    "": {
      "version": "1.0.0",
      "license": "ISC",
      "dependencies": {
        "bootstrap-switch": "^3.4.0"
      },
      "devDependencies": {},
      "engines": {
        "node": "10.19.0"
      }
    },
    "node_modules/bootstrap-switch": {
      "version": "3.4.0",
      "resolved": "https://registry.npmjs.org/bootstrap-switch/-/bootstrap-switch-3.4.0.tgz",
      "integrity": "sha512-P4Qdx7mLjqgilKQeeuDCf8AHWeO7992+NFfh0doAA/ExaJqr02QFHhq18GL8EYd2XRviJ16pUUyMRsfOVaPEVg=="
    }
  },
  "dependencies": {
    "bootstrap-switch": {
      "version": "3.4.0",
      "resolved": "https://registry.npmjs.org/bootstrap-switch/-/bootstrap-switch-3.4.0.tgz",
      "integrity": "sha512-P4Qdx7mLjqgilKQeeuDCf8AHWeO7992+NFfh0doAA/ExaJqr02QFHhq18GL8EYd2XRviJ16pUUyMRsfOVaPEVg=="
    }
  }
}
